// !$*UTF8*$!
{
	archiveVersion = 1;
	classes = {
	};
	objectVersion = 50;
	objects = {

/* Begin PBXBuildFile section */
		09E1087E23E3FDA0007AA7BE /* AppDelegate.swift in Sources */ = {isa = PBXBuildFile; fileRef = 09E1087D23E3FDA0007AA7BE /* AppDelegate.swift */; };
		09E1088023E3FDA0007AA7BE /* SceneDelegate.swift in Sources */ = {isa = PBXBuildFile; fileRef = 09E1087F23E3FDA0007AA7BE /* SceneDelegate.swift */; };
		09E1088223E3FDA0007AA7BE /* ViewController.swift in Sources */ = {isa = PBXBuildFile; fileRef = 09E1088123E3FDA0007AA7BE /* ViewController.swift */; };
		09E1088523E3FDA0007AA7BE /* Main.storyboard in Resources */ = {isa = PBXBuildFile; fileRef = 09E1088323E3FDA0007AA7BE /* Main.storyboard */; };
		09E1088823E3FDA0007AA7BE /* SamNewsTask.xcdatamodeld in Sources */ = {isa = PBXBuildFile; fileRef = 09E1088623E3FDA0007AA7BE /* SamNewsTask.xcdatamodeld */; };
		09E1088A23E3FDA2007AA7BE /* Assets.xcassets in Resources */ = {isa = PBXBuildFile; fileRef = 09E1088923E3FDA2007AA7BE /* Assets.xcassets */; };
		09E1088D23E3FDA2007AA7BE /* LaunchScreen.storyboard in Resources */ = {isa = PBXBuildFile; fileRef = 09E1088B23E3FDA2007AA7BE /* LaunchScreen.storyboard */; };
		09E1089823E3FDA3007AA7BE /* SamNewsTaskTests.swift in Sources */ = {isa = PBXBuildFile; fileRef = 09E1089723E3FDA3007AA7BE /* SamNewsTaskTests.swift */; };
/* End PBXBuildFile section */

/* Begin PBXContainerItemProxy section */
		09E1089423E3FDA2007AA7BE /* PBXContainerItemProxy */ = {
			isa = PBXContainerItemProxy;
			containerPortal = 09E1087223E3FDA0007AA7BE /* Project object */;
			proxyType = 1;
			remoteGlobalIDString = 09E1087923E3FDA0007AA7BE;
			remoteInfo = SamNewsTask;
		};
/* End PBXContainerItemProxy section */

/* Begin PBXFileReference section */
		09E1087A23E3FDA0007AA7BE /* SamNewsTask.app */ = {isa = PBXFileReference; explicitFileType = wrapper.application; includeInIndex = 0; path = SamNewsTask.app; sourceTree = BUILT_PRODUCTS_DIR; };
		09E1087D23E3FDA0007AA7BE /* AppDelegate.swift */ = {isa = PBXFileReference; lastKnownFileType = sourcecode.swift; path = AppDelegate.swift; sourceTree = "<group>"; };
		09E1087F23E3FDA0007AA7BE /* SceneDelegate.swift */ = {isa = PBXFileReference; lastKnownFileType = sourcecode.swift; path = SceneDelegate.swift; sourceTree = "<group>"; };
		09E1088123E3FDA0007AA7BE /* ViewController.swift */ = {isa = PBXFileReference; lastKnownFileType = sourcecode.swift; path = ViewController.swift; sourceTree = "<group>"; };
		09E1088423E3FDA0007AA7BE /* Base */ = {isa = PBXFileReference; lastKnownFileType = file.storyboard; name = Base; path = Base.lproj/Main.storyboard; sourceTree = "<group>"; };
		09E1088723E3FDA0007AA7BE /* SamNewsTask.xcdatamodel */ = {isa = PBXFileReference; lastKnownFileType = wrapper.xcdatamodel; path = SamNewsTask.xcdatamodel; sourceTree = "<group>"; };
		09E1088923E3FDA2007AA7BE /* Assets.xcassets */ = {isa = PBXFileReference; lastKnownFileType = folder.assetcatalog; path = Assets.xcassets; sourceTree = "<group>"; };
		09E1088C23E3FDA2007AA7BE /* Base */ = {isa = PBXFileReference; lastKnownFileType = file.storyboard; name = Base; path = Base.lproj/LaunchScreen.storyboard; sourceTree = "<group>"; };
		09E1088E23E3FDA2007AA7BE /* Info.plist */ = {isa = PBXFileReference; lastKnownFileType = text.plist.xml; path = Info.plist; sourceTree = "<group>"; };
		09E1089323E3FDA2007AA7BE /* SamNewsTaskTests.xctest */ = {isa = PBXFileReference; explicitFileType = wrapper.cfbundle; includeInIndex = 0; path = SamNewsTaskTests.xctest; sourceTree = BUILT_PRODUCTS_DIR; };
		09E1089723E3FDA3007AA7BE /* SamNewsTaskTests.swift */ = {isa = PBXFileReference; lastKnownFileType = sourcecode.swift; path = SamNewsTaskTests.swift; sourceTree = "<group>"; };
		09E1089923E3FDA3007AA7BE /* Info.plist */ = {isa = PBXFileReference; lastKnownFileType = text.plist.xml; path = Info.plist; sourceTree = "<group>"; };
/* End PBXFileReference section */

/* Begin PBXFrameworksBuildPhase section */
		09E1087723E3FDA0007AA7BE /* Frameworks */ = {
			isa = PBXFrameworksBuildPhase;
			buildActionMask = 2147483647;
			files = (
			);
			runOnlyForDeploymentPostprocessing = 0;
		};
		09E1089023E3FDA2007AA7BE /* Frameworks */ = {
			isa = PBXFrameworksBuildPhase;
			buildActionMask = 2147483647;
			files = (
			);
			runOnlyForDeploymentPostprocessing = 0;
		};
/* End PBXFrameworksBuildPhase section */

/* Begin PBXGroup section */
		09E1087123E3FDA0007AA7BE = {
			isa = PBXGroup;
			children = (
				09E1087C23E3FDA0007AA7BE /* SamNewsTask */,
				09E1089623E3FDA3007AA7BE /* SamNewsTaskTests */,
				09E1087B23E3FDA0007AA7BE /* Products */,
			);
			sourceTree = "<group>";
		};
		09E1087B23E3FDA0007AA7BE /* Products */ = {
			isa = PBXGroup;
			children = (
				09E1087A23E3FDA0007AA7BE /* SamNewsTask.app */,
				09E1089323E3FDA2007AA7BE /* SamNewsTaskTests.xctest */,
			);
			name = Products;
			sourceTree = "<group>";
		};
		09E1087C23E3FDA0007AA7BE /* SamNewsTask */ = {
			isa = PBXGroup;
			children = (
				09E1087D23E3FDA0007AA7BE /* AppDelegate.swift */,
				09E1087F23E3FDA0007AA7BE /* SceneDelegate.swift */,
				09E1088123E3FDA0007AA7BE /* ViewController.swift */,
				09E1088323E3FDA0007AA7BE /* Main.storyboard */,
				09E1088923E3FDA2007AA7BE /* Assets.xcassets */,
				09E1088B23E3FDA2007AA7BE /* LaunchScreen.storyboard */,
				09E1088E23E3FDA2007AA7BE /* Info.plist */,
				09E1088623E3FDA0007AA7BE /* SamNewsTask.xcdatamodeld */,
			);
			path = SamNewsTask;
			sourceTree = "<group>";
		};
		09E1089623E3FDA3007AA7BE /* SamNewsTaskTests */ = {
			isa = PBXGroup;
			children = (
				09E1089723E3FDA3007AA7BE /* SamNewsTaskTests.swift */,
				09E1089923E3FDA3007AA7BE /* Info.plist */,
			);
			path = SamNewsTaskTests;
			sourceTree = "<group>";
		};
/* End PBXGroup section */

/* Begin PBXNativeTarget section */
		09E1087923E3FDA0007AA7BE /* SamNewsTask */ = {
			isa = PBXNativeTarget;
			buildConfigurationList = 09E1089C23E3FDA3007AA7BE /* Build configuration list for PBXNativeTarget "SamNewsTask" */;
			buildPhases = (
				09E1087623E3FDA0007AA7BE /* Sources */,
				09E1087723E3FDA0007AA7BE /* Frameworks */,
				09E1087823E3FDA0007AA7BE /* Resources */,
			);
			buildRules = (
			);
			dependencies = (
			);
			name = SamNewsTask;
			productName = SamNewsTask;
			productReference = 09E1087A23E3FDA0007AA7BE /* SamNewsTask.app */;
			productType = "com.apple.product-type.application";
		};
		09E1089223E3FDA2007AA7BE /* SamNewsTaskTests */ = {
			isa = PBXNativeTarget;
			buildConfigurationList = 09E1089F23E3FDA3007AA7BE /* Build configuration list for PBXNativeTarget "SamNewsTaskTests" */;
			buildPhases = (
				09E1088F23E3FDA2007AA7BE /* Sources */,
				09E1089023E3FDA2007AA7BE /* Frameworks */,
				09E1089123E3FDA2007AA7BE /* Resources */,
			);
			buildRules = (
			);
			dependencies = (
				09E1089523E3FDA2007AA7BE /* PBXTargetDependency */,
			);
			name = SamNewsTaskTests;
			productName = SamNewsTaskTests;
			productReference = 09E1089323E3FDA2007AA7BE /* SamNewsTaskTests.xctest */;
			productType = "com.apple.product-type.bundle.unit-test";
		};
/* End PBXNativeTarget section */

/* Begin PBXProject section */
		09E1087223E3FDA0007AA7BE /* Project object */ = {
			isa = PBXProject;
			attributes = {
				LastSwiftUpdateCheck = 1130;
				LastUpgradeCheck = 1130;
				ORGANIZATIONNAME = TZAHIMOYAL;
				TargetAttributes = {
					09E1087923E3FDA0007AA7BE = {
						CreatedOnToolsVersion = 11.3.1;
					};
					09E1089223E3FDA2007AA7BE = {
						CreatedOnToolsVersion = 11.3.1;
						TestTargetID = 09E1087923E3FDA0007AA7BE;
					};
				};
			};
			buildConfigurationList = 09E1087523E3FDA0007AA7BE /* Build configuration list for PBXProject "SamNewsTask" */;
			compatibilityVersion = "Xcode 9.3";
			developmentRegion = en;
			hasScannedForEncodings = 0;
			knownRegions = (
				en,
				Base,
			);
			mainGroup = 09E1087123E3FDA0007AA7BE;
			productRefGroup = 09E1087B23E3FDA0007AA7BE /* Products */;
			projectDirPath = "";
			projectRoot = "";
			targets = (
				09E1087923E3FDA0007AA7BE /* SamNewsTask */,
				09E1089223E3FDA2007AA7BE /* SamNewsTaskTests */,
			);
		};
/* End PBXProject section */

/* Begin PBXResourcesBuildPhase section */
		09E1087823E3FDA0007AA7BE /* Resources */ = {
			isa = PBXResourcesBuildPhase;
			buildActionMask = 2147483647;
			files = (
				09E1088D23E3FDA2007AA7BE /* LaunchScreen.storyboard in Resources */,
				09E1088A23E3FDA2007AA7BE /* Assets.xcassets in Resources */,
				09E1088523E3FDA0007AA7BE /* Main.storyboard in Resources */,
			);
			runOnlyForDeploymentPostprocessing = 0;
		};
		09E1089123E3FDA2007AA7BE /* Resources */ = {
			isa = PBXResourcesBuildPhase;
			buildActionMask = 2147483647;
			files = (
			);
			runOnlyForDeploymentPostprocessing = 0;
		};
/* End PBXResourcesBuildPhase section */

/* Begin PBXSourcesBuildPhase section */
		09E1087623E3FDA0007AA7BE /* Sources */ = {
			isa = PBXSourcesBuildPhase;
			buildActionMask = 2147483647;
			files = (
				09E1088223E3FDA0007AA7BE /* ViewController.swift in Sources */,
				09E1088823E3FDA0007AA7BE /* SamNewsTask.xcdatamodeld in Sources */,
				09E1087E23E3FDA0007AA7BE /* AppDelegate.swift in Sources */,
				09E1088023E3FDA0007AA7BE /* SceneDelegate.swift in Sources */,
			);
			runOnlyForDeploymentPostprocessing = 0;
		};
		09E1088F23E3FDA2007AA7BE /* Sources */ = {
			isa = PBXSourcesBuildPhase;
			buildActionMask = 2147483647;
			files = (
				09E1089823E3FDA3007AA7BE /* SamNewsTaskTests.swift in Sources */,
			);
			runOnlyForDeploymentPostprocessing = 0;
		};
/* End PBXSourcesBuildPhase section */

/* Begin PBXTargetDependency section */
		09E1089523E3FDA2007AA7BE /* PBXTargetDependency */ = {
			isa = PBXTargetDependency;
			target = 09E1087923E3FDA0007AA7BE /* SamNewsTask */;
			targetProxy = 09E1089423E3FDA2007AA7BE /* PBXContainerItemProxy */;
		};
/* End PBXTargetDependency section */

/* Begin PBXVariantGroup section */
		09E1088323E3FDA0007AA7BE /* Main.storyboard */ = {
			isa = PBXVariantGroup;
			children = (
				09E1088423E3FDA0007AA7BE /* Base */,
			);
			name = Main.storyboard;
			sourceTree = "<group>";
		};
		09E1088B23E3FDA2007AA7BE /* LaunchScreen.storyboard */ = {
			isa = PBXVariantGroup;
			children = (
				09E1088C23E3FDA2007AA7BE /* Base */,
			);
			name = LaunchScreen.storyboard;
			sourceTree = "<group>";
		};
/* End PBXVariantGroup section */

/* Begin XCBuildConfiguration section */
		09E1089A23E3FDA3007AA7BE /* Debug */ = {
			isa = XCBuildConfiguration;
			buildSettings = {
				ALWAYS_SEARCH_USER_PATHS = NO;
				CLANG_ANALYZER_NONNULL = YES;
				CLANG_ANALYZER_NUMBER_OBJECT_CONVERSION = YES_AGGRESSIVE;
				CLANG_CXX_LANGUAGE_STANDARD = "gnu++14";
				CLANG_CXX_LIBRARY = "libc++";
				CLANG_ENABLE_MODULES = YES;
				CLANG_ENABLE_OBJC_ARC = YES;
				CLANG_ENABLE_OBJC_WEAK = YES;
				CLANG_WARN_BLOCK_CAPTURE_AUTORELEASING = YES;
				CLANG_WARN_BOOL_CONVERSION = YES;
				CLANG_WARN_COMMA = YES;
				CLANG_WARN_CONSTANT_CONVERSION = YES;
				CLANG_WARN_DEPRECATED_OBJC_IMPLEMENTATIONS = YES;
				CLANG_WARN_DIRECT_OBJC_ISA_USAGE = YES_ERROR;
				CLANG_WARN_DOCUMENTATION_COMMENTS = YES;
				CLANG_WARN_EMPTY_BODY = YES;
				CLANG_WARN_ENUM_CONVERSION = YES;
				CLANG_WARN_INFINITE_RECURSION = YES;
				CLANG_WARN_INT_CONVERSION = YES;
				CLANG_WARN_NON_LITERAL_NULL_CONVERSION = YES;
				CLANG_WARN_OBJC_IMPLICIT_RETAIN_SELF = YES;
				CLANG_WARN_OBJC_LITERAL_CONVERSION = YES;
				CLANG_WARN_OBJC_ROOT_CLASS = YES_ERROR;
				CLANG_WARN_RANGE_LOOP_ANALYSIS = YES;
				CLANG_WARN_STRICT_PROTOTYPES = YES;
				CLANG_WARN_SUSPICIOUS_MOVE = YES;
				CLANG_WARN_UNGUARDED_AVAILABILITY = YES_AGGRESSIVE;
				CLANG_WARN_UNREACHABLE_CODE = YES;
				CLANG_WARN__DUPLICATE_METHOD_MATCH = YES;
				COPY_PHASE_STRIP = NO;
				DEBUG_INFORMATION_FORMAT = dwarf;
				ENABLE_STRICT_OBJC_MSGSEND = YES;
				ENABLE_TESTABILITY = YES;
				GCC_C_LANGUAGE_STANDARD = gnu11;
				GCC_DYNAMIC_NO_PIC = NO;
				GCC_NO_COMMON_BLOCKS = YES;
				GCC_OPTIMIZATION_LEVEL = 0;
				GCC_PREPROCESSOR_DEFINITIONS = (
					"DEBUG=1",
					"$(inherited)",
				);
				GCC_WARN_64_TO_32_BIT_CONVERSION = YES;
				GCC_WARN_ABOUT_RETURN_TYPE = YES_ERROR;
				GCC_WARN_UNDECLARED_SELECTOR = YES;
				GCC_WARN_UNINITIALIZED_AUTOS = YES_AGGRESSIVE;
				GCC_WARN_UNUSED_FUNCTION = YES;
				GCC_WARN_UNUSED_VARIABLE = YES;
				IPHONEOS_DEPLOYMENT_TARGET = 13.2;
				MTL_ENABLE_DEBUG_INFO = INCLUDE_SOURCE;
				MTL_FAST_MATH = YES;
				ONLY_ACTIVE_ARCH = YES;
				SDKROOT = iphoneos;
				SWIFT_ACTIVE_COMPILATION_CONDITIONS = DEBUG;
				SWIFT_OPTIMIZATION_LEVEL = "-Onone";
			};
			name = Debug;
		};
		09E1089B23E3FDA3007AA7BE /* Release */ = {
			isa = XCBuildConfiguration;
			buildSettings = {
				ALWAYS_SEARCH_USER_PATHS = NO;
				CLANG_ANALYZER_NONNULL = YES;
				CLANG_ANALYZER_NUMBER_OBJECT_CONVERSION = YES_AGGRESSIVE;
				CLANG_CXX_LANGUAGE_STANDARD = "gnu++14";
				CLANG_CXX_LIBRARY = "libc++";
				CLANG_ENABLE_MODULES = YES;
				CLANG_ENABLE_OBJC_ARC = YES;
				CLANG_ENABLE_OBJC_WEAK = YES;
				CLANG_WARN_BLOCK_CAPTURE_AUTORELEASING = YES;
				CLANG_WARN_BOOL_CONVERSION = YES;
				CLANG_WARN_COMMA = YES;
				CLANG_WARN_CONSTANT_CONVERSION = YES;
				CLANG_WARN_DEPRECATED_OBJC_IMPLEMENTATIONS = YES;
				CLANG_WARN_DIRECT_OBJC_ISA_USAGE = YES_ERROR;
				CLANG_WARN_DOCUMENTATION_COMMENTS = YES;
				CLANG_WARN_EMPTY_BODY = YES;
				CLANG_WARN_ENUM_CONVERSION = YES;
				CLANG_WARN_INFINITE_RECURSION = YES;
				CLANG_WARN_INT_CONVERSION = YES;
				CLANG_WARN_NON_LITERAL_NULL_CONVERSION = YES;
				CLANG_WARN_OBJC_IMPLICIT_RETAIN_SELF = YES;
				CLANG_WARN_OBJC_LITERAL_CONVERSION = YES;
				CLANG_WARN_OBJC_ROOT_CLASS = YES_ERROR;
				CLANG_WARN_RANGE_LOOP_ANALYSIS = YES;
				CLANG_WARN_STRICT_PROTOTYPES = YES;
				CLANG_WARN_SUSPICIOUS_MOVE = YES;
				CLANG_WARN_UNGUARDED_AVAILABILITY = YES_AGGRESSIVE;
				CLANG_WARN_UNREACHABLE_CODE = YES;
				CLANG_WARN__DUPLICATE_METHOD_MATCH = YES;
				COPY_PHASE_STRIP = NO;
				DEBUG_INFORMATION_FORMAT = "dwarf-with-dsym";
				ENABLE_NS_ASSERTIONS = NO;
				ENABLE_STRICT_OBJC_MSGSEND = YES;
				GCC_C_LANGUAGE_STANDARD = gnu11;
				GCC_NO_COMMON_BLOCKS = YES;
				GCC_WARN_64_TO_32_BIT_CONVERSION = YES;
				GCC_WARN_ABOUT_RETURN_TYPE = YES_ERROR;
				GCC_WARN_UNDECLARED_SELECTOR = YES;
				GCC_WARN_UNINITIALIZED_AUTOS = YES_AGGRESSIVE;
				GCC_WARN_UNUSED_FUNCTION = YES;
				GCC_WARN_UNUSED_VARIABLE = YES;
				IPHONEOS_DEPLOYMENT_TARGET = 13.2;
				MTL_ENABLE_DEBUG_INFO = NO;
				MTL_FAST_MATH = YES;
				SDKROOT = iphoneos;
				SWIFT_COMPILATION_MODE = wholemodule;
				SWIFT_OPTIMIZATION_LEVEL = "-O";
				VALIDATE_PRODUCT = YES;
			};
			name = Release;
		};
		09E1089D23E3FDA3007AA7BE /* Debug */ = {
			isa = XCBuildConfiguration;
			buildSettings = {
				ASSETCATALOG_COMPILER_APPICON_NAME = AppIcon;
				CODE_SIGN_STYLE = Automatic;
				INFOPLIST_FILE = SamNewsTask/Info.plist;
				LD_RUNPATH_SEARCH_PATHS = (
					"$(inherited)",
					"@executable_path/Frameworks",
				);
				PRODUCT_BUNDLE_IDENTIFIER = com.tzahimoyal.SamNewsTask;
				PRODUCT_NAME = "$(TARGET_NAME)";
				SWIFT_VERSION = 5.0;
				TARGETED_DEVICE_FAMILY = "1,2";
			};
			name = Debug;
		};
		09E1089E23E3FDA3007AA7BE /* Release */ = {
			isa = XCBuildConfiguration;
			buildSettings = {
				ASSETCATALOG_COMPILER_APPICON_NAME = AppIcon;
				CODE_SIGN_STYLE = Automatic;
				INFOPLIST_FILE = SamNewsTask/Info.plist;
				LD_RUNPATH_SEARCH_PATHS = (
					"$(inherited)",
					"@executable_path/Frameworks",
				);
				PRODUCT_BUNDLE_IDENTIFIER = com.tzahimoyal.SamNewsTask;
				PRODUCT_NAME = "$(TARGET_NAME)";
				SWIFT_VERSION = 5.0;
				TARGETED_DEVICE_FAMILY = "1,2";
			};
			name = Release;
		};
		09E108A023E3FDA3007AA7BE /* Debug */ = {
			isa = XCBuildConfiguration;
			buildSettings = {
				ALWAYS_EMBED_SWIFT_STANDARD_LIBRARIES = YES;
				BUNDLE_LOADER = "$(TEST_HOST)";
				CODE_SIGN_STYLE = Automatic;
				INFOPLIST_FILE = SamNewsTaskTests/Info.plist;
				IPHONEOS_DEPLOYMENT_TARGET = 13.2;
				LD_RUNPATH_SEARCH_PATHS = (
					"$(inherited)",
					"@executable_path/Frameworks",
					"@loader_path/Frameworks",
				);
				PRODUCT_BUNDLE_IDENTIFIER = com.tzahimoyal.SamNewsTaskTests;
				PRODUCT_NAME = "$(TARGET_NAME)";
				SWIFT_VERSION = 5.0;
				TARGETED_DEVICE_FAMILY = "1,2";
				TEST_HOST = "$(BUILT_PRODUCTS_DIR)/SamNewsTask.app/SamNewsTask";
			};
			name = Debug;
		};
		09E108A123E3FDA3007AA7BE /* Release */ = {
			isa = XCBuildConfiguration;
			buildSettings = {
				ALWAYS_EMBED_SWIFT_STANDARD_LIBRARIES = YES;
				BUNDLE_LOADER = "$(TEST_HOST)";
				CODE_SIGN_STYLE = Automatic;
				INFOPLIST_FILE = SamNewsTaskTests/Info.plist;
				IPHONEOS_DEPLOYMENT_TARGET = 13.2;
				LD_RUNPATH_SEARCH_PATHS = (
					"$(inherited)",
					"@executable_path/Frameworks",
					"@loader_path/Frameworks",
				);
				PRODUCT_BUNDLE_IDENTIFIER = com.tzahimoyal.SamNewsTaskTests;
				PRODUCT_NAME = "$(TARGET_NAME)";
				SWIFT_VERSION = 5.0;
				TARGETED_DEVICE_FAMILY = "1,2";
				TEST_HOST = "$(BUILT_PRODUCTS_DIR)/SamNewsTask.app/SamNewsTask";
			};
			name = Release;
		};
/* End XCBuildConfiguration section */

/* Begin XCConfigurationList section */
		09E1087523E3FDA0007AA7BE /* Build configuration list for PBXProject "SamNewsTask" */ = {
			isa = XCConfigurationList;
			buildConfigurations = (
				09E1089A23E3FDA3007AA7BE /* Debug */,
				09E1089B23E3FDA3007AA7BE /* Release */,
			);
			defaultConfigurationIsVisible = 0;
			defaultConfigurationName = Release;
		};
		09E1089C23E3FDA3007AA7BE /* Build configuration list for PBXNativeTarget "SamNewsTask" */ = {
			isa = XCConfigurationList;
			buildConfigurations = (
				09E1089D23E3FDA3007AA7BE /* Debug */,
				09E1089E23E3FDA3007AA7BE /* Release */,
			);
			defaultConfigurationIsVisible = 0;
			defaultConfigurationName = Release;
		};
		09E1089F23E3FDA3007AA7BE /* Build configuration list for PBXNativeTarget "SamNewsTaskTests" */ = {
			isa = XCConfigurationList;
			buildConfigurations = (
				09E108A023E3FDA3007AA7BE /* Debug */,
				09E108A123E3FDA3007AA7BE /* Release */,
			);
			defaultConfigurationIsVisible = 0;
			defaultConfigurationName = Release;
		};
/* End XCConfigurationList section */

/* Begin XCVersionGroup section */
		09E1088623E3FDA0007AA7BE /* SamNewsTask.xcdatamodeld */ = {
			isa = XCVersionGroup;
			children = (
				09E1088723E3FDA0007AA7BE /* SamNewsTask.xcdatamodel */,
			);
			currentVersion = 09E1088723E3FDA0007AA7BE /* SamNewsTask.xcdatamodel */;
			path = SamNewsTask.xcdatamodeld;
			sourceTree = "<group>";
			versionGroupType = wrapper.xcdatamodel;
		};
/* End XCVersionGroup section */
	};
	rootObject = 09E1087223E3FDA0007AA7BE /* Project object */;
}
